
Microsoft Visual Studio Solution File, Format Version 12.00
# Visual Studio 15
VisualStudioVersion = 15.0.33026.149
MinimumVisualStudioVersion = 10.0.40219.1
Project("{FAE04EC0-301F-11D3-BF4B-00C04F79EFBC}") = "Winner", "Winner\Winner.csproj", "{05C6222F-1215-4628-876B-A5BCCB9F92C9}"
EndProject
Global
	GlobalSection(SolutionConfigurationPlatforms) = preSolution
		Debug|Any CPU = Debug|Any CPU
		Release|Any CPU = Release|Any CPU
	EndGlobalSection
	GlobalSection(ProjectConfigurationPlatforms) = postSolution
		{05C6222F-1215-4628-876B-A5BCCB9F92C9}.Debug|Any CPU.ActiveCfg = Debug|Any CPU
		{05C6222F-1215-4628-876B-A5BCCB9F92C9}.Debug|Any CPU.Build.0 = Debug|Any CPU
		{05C6222F-1215-4628-876B-A5BCCB9F92C9}.Release|Any CPU.ActiveCfg = Release|Any CPU
		{05C6222F-1215-4628-876B-A5BCCB9F92C9}.Release|Any CPU.Build.0 = Release|Any CPU
	EndGlobalSection
	GlobalSection(SolutionProperties) = preSolution
		HideSolutionNode = FALSE
	EndGlobalSection
	GlobalSection(ExtensibilityGlobals) = postSolution
		SolutionGuid = {4EE2228D-2428-408C-AE17-EAEF9A2CA741}
	EndGlobalSection
EndGlobal
